
Microsoft Visual Studio Solution File, Format Version 12.00
# Visual Studio Version 17
VisualStudioVersion = 17.3.32901.215
MinimumVisualStudioVersion = 10.0.40219.1
Project("{FAE04EC0-301F-11D3-BF4B-00C04F79EFBC}") = "DataStructuresAlgorithms", "DataStructuresAlgorithms\DataStructuresAlgorithms.csproj", "{CC3B5FE3-0124-400C-A133-7A154E20F307}"
EndProject
Project("{FAE04EC0-301F-11D3-BF4B-00C04F79EFBC}") = "DataStructuresAlgorithms.Test", "DataStructuresAlgorithms.Test\DataStructuresAlgorithms.Test.csproj", "{C22361A5-87F7-481D-88C5-1656AA3140E0}"
EndProject
Global
	GlobalSection(SolutionConfigurationPlatforms) = preSolution
		Debug|Any CPU = Debug|Any CPU
		Release|Any CPU = Release|Any CPU
	EndGlobalSection
	GlobalSection(ProjectConfigurationPlatforms) = postSolution
		{CC3B5FE3-0124-400C-A133-7A154E20F307}.Debug|Any CPU.ActiveCfg = Debug|Any CPU
		{CC3B5FE3-0124-400C-A133-7A154E20F307}.Debug|Any CPU.Build.0 = Debug|Any CPU
		{CC3B5FE3-0124-400C-A133-7A154E20F307}.Release|Any CPU.ActiveCfg = Release|Any CPU
		{CC3B5FE3-0124-400C-A133-7A154E20F307}.Release|Any CPU.Build.0 = Release|Any CPU
		{C22361A5-87F7-481D-88C5-1656AA3140E0}.Debug|Any CPU.ActiveCfg = Debug|Any CPU
		{C22361A5-87F7-481D-88C5-1656AA3140E0}.Debug|Any CPU.Build.0 = Debug|Any CPU
		{C22361A5-87F7-481D-88C5-1656AA3140E0}.Release|Any CPU.ActiveCfg = Release|Any CPU
		{C22361A5-87F7-481D-88C5-1656AA3140E0}.Release|Any CPU.Build.0 = Release|Any CPU
	EndGlobalSection
	GlobalSection(SolutionProperties) = preSolution
		HideSolutionNode = FALSE
	EndGlobalSection
	GlobalSection(ExtensibilityGlobals) = postSolution
		SolutionGuid = {3CE09611-5BDD-421D-8E29-97054F30A61C}
	EndGlobalSection
EndGlobal
